github.com/Sirupsen/logrus v0.11.5 h1:aIMrrsnipdTlAieMe7FC/iiuJ0+ELiXCT4YiVQiK9j8=
github.com/Sirupsen/logrus v0.11.5/go.mod h1:rmk17hk6i8ZSAJkSDa7nOxamrG+SP4P0mm+DAvExv4U=
github.com/crosbymichael/octokat v0.0.0-20160210183808-dea6d22fe975 h1:kYL3YMUJ1ZWLlI4reDW6RkvWms4FmJsKBycj0j3fECc=
github.com/crosbymichael/octokat v0.0.0-20160210183808-dea6d22fe975/go.mod h1:iUcho7q/ROQXsT+t/dR0NGhCZPu1u32DyUF0ytzL4JY=
github.com/golang/protobuf v0.0.0-20170427213220-18c9bb326172 h1:ib1Vbb6/KliPKsRcZdmCUnFGP7/BcCWgW9+gR+sUQk0=
github.com/golang/protobuf v0.0.0-20170427213220-18c9bb326172/go.mod h1:6lQm79b+lXiMfvg/cZm0SGofjICqVBUtrP5yJMmIC1U=
github.com/google/go-github v0.0.0-20170425170326-e8d46665e050 h1:s8gixAZD+rGOAxXW3XstLDU3V+YqfiBS1cBQOzAi0Bk=
github.com/google/go-github v0.0.0-20170425170326-e8d46665e050/go.mod h1:zLgOLi98H3fifZn+44m+umXrS52loVEgC2AApnigrVQ=
github.com/google/go-querystring v0.0.0-20170111101155-53e6ce116135 h1:zLTLjkaOFEFIOxY5BWLFLwh+cL8vOBW4XJ2aqLE/Tf0=
github.com/google/go-querystring v0.0.0-20170111101155-53e6ce116135/go.mod h1:odCYkC5MyYFN7vkCjXpyrEuKhc/BUO6wN/zVPAxq5ck=
golang.org/x/net v0.0.0-20170424220842-da118f7b8e59 h1:dWv6pBFAtJELEJAhUpNqPydBXP311/HBZOeEve9NlpA=
golang.org/x/net v0.0.0-20170424220842-da118f7b8e59/go.mod h1:mL1N/T3taQHkDXs73rZJwtUhF3w3ftmwwsq0BUmARs4=
golang.org/x/sys v0.0.0-20170427041856-9ccfe848b9db h1:znurcNjtwV7XblDOBERYCP1TUjpwbp8bi3Szx8gbNBE=
golang.org/x/sys v0.0.0-20170427041856-9ccfe848b9db/go.mod h1:STP8DvDyc/dI5b8T5hshtkjS+E42TnysNCUPdjciGhY=
google.golang.org/appengine v1.0.0 h1:dN4LljjBKVChsv0XCSI+zbyzdqrkEwX5LQFUMRSGqOc=
google.golang.org/appengine v1.0.0/go.mod h1:EbEs0AVv82hx2wNQdGPgUI5lhzA/G0D9YwlJXL52JkM=
